
Microsoft Visual Studio Solution File, Format Version 12.00
# Visual Studio Version 17
VisualStudioVersion = 17.8.34511.84
MinimumVisualStudioVersion = 10.0.40219.1
Project("{2150E333-8FDC-42A3-9474-1A3956D46DE8}") = "Interface_Chronometer", "Interface_Chronometer", "{3029483B-29FE-4DA4-B9AB-AA959794424B}"
EndProject
Project("{FAE04EC0-301F-11D3-BF4B-00C04F79EFBC}") = "Project_Chronometer", "Project_Chronometer\Project_Chronometer.csproj", "{2A304F9F-C528-423C-B08E-46BAE5F336F5}"
EndProject
Global
	GlobalSection(SolutionConfigurationPlatforms) = preSolution
		Debug|Any CPU = Debug|Any CPU
		Release|Any CPU = Release|Any CPU
	EndGlobalSection
	GlobalSection(ProjectConfigurationPlatforms) = postSolution
		{2A304F9F-C528-423C-B08E-46BAE5F336F5}.Debug|Any CPU.ActiveCfg = Debug|Any CPU
		{2A304F9F-C528-423C-B08E-46BAE5F336F5}.Debug|Any CPU.Build.0 = Debug|Any CPU
		{2A304F9F-C528-423C-B08E-46BAE5F336F5}.Release|Any CPU.ActiveCfg = Release|Any CPU
		{2A304F9F-C528-423C-B08E-46BAE5F336F5}.Release|Any CPU.Build.0 = Release|Any CPU
	EndGlobalSection
	GlobalSection(SolutionProperties) = preSolution
		HideSolutionNode = FALSE
	EndGlobalSection
	GlobalSection(NestedProjects) = preSolution
		{2A304F9F-C528-423C-B08E-46BAE5F336F5} = {3029483B-29FE-4DA4-B9AB-AA959794424B}
	EndGlobalSection
	GlobalSection(ExtensibilityGlobals) = postSolution
		SolutionGuid = {3632565F-3152-45D7-9C05-881D6D3EA36B}
	EndGlobalSection
EndGlobal
